<?xml version="1.0" encoding="utf-8"?>
<Project ToolsVersion="4.0" xmlns="http://schemas.microsoft.com/developer/msbuild/2003">
  <ItemGroup>
    <ClCompile Include="Source\Components\General\input_controller.cpp" />
    <ClCompile Include="Source\Components\General\transform.cpp" />
    <ClCompile Include="Source\Components\Graphics\camera.cpp" />
    <ClCompile Include="Source\Components\Graphics\sprite_renderer.cpp" />
    <ClCompile Include="Source\Components\Physics\collider.cpp" />
    <ClCompile Include="Source\Game\Object_Management\collider_manager.cpp" />
    <ClCompile Include="Source\Game\Object_Management\entity_manager.cpp" />
    <ClCompile Include="Source\Game\entity.cpp" />
    <ClCompile Include="Source\General\engine.cpp" />
    <ClCompile Include="Source\General\main.cpp" />
    <ClCompile Include="Source\General\scene.cpp" />
    <ClCompile Include="Source\General\serialize.cpp" />
    <ClCompile Include="Source\Graphics\glad.c" />
    <ClCompile Include="Source\Graphics\shader.cpp" />
    <ClCompile Include="Source\Graphics\texture.cpp" />
    <ClCompile Include="Source\Input\input.cpp" />
    <ClCompile Include="Source\Systems\Asset_Management\prefab_manager.cpp" />
    <ClCompile Include="Source\Systems\Asset_Management\scene_manager.cpp" />
    <ClCompile Include="Source\Systems\Asset_Management\shader_manager.cpp" />
    <ClCompile Include="Source\Systems\Asset_Management\texture_manager.cpp" />
    <ClCompile Include="Source\Systems\error_logging.cpp" />
    <ClCompile Include="Source\Systems\graphics.cpp" />
    <ClCompile Include="Source\template.cpp" />
    <ClCompile Include="Source\Components\Physics\rigid_body.cpp" />
    <ClCompile Include="Source\General\multithread_handler.cpp" />
  </ItemGroup>
  <ItemGroup>
    <ClInclude Include="Source\Components\General\input_controller.h" />
    <ClInclude Include="Source\Components\General\transform.h" />
    <ClInclude Include="Source\Components\Graphics\camera.h" />
    <ClInclude Include="Source\Components\Graphics\sprite_renderer.h" />
    <ClInclude Include="Source\Components\Physics\collider.h" />
    <ClInclude Include="Source\Components\components.h" />
    <ClInclude Include="Source\Game\Object_Management\collider_manager.h" />
    <ClInclude Include="Source\Game\Object_Management\entity_manager.h" />
    <ClInclude Include="Source\Game\entity.h" />
    <ClInclude Include="Source\General\engine.h" />
    <ClInclude Include="Source\General\scene.h" />
    <ClInclude Include="Source\General\serialize.h" />
    <ClInclude Include="Source\Graphics\shader.h" />
    <ClInclude Include="Source\Graphics\stb_image.h" />
    <ClInclude Include="Source\Graphics\texture.h" />
    <ClInclude Include="Source\Input\input.h" />
    <ClInclude Include="Source\Systems\Asset_Management\prefab_manager.h" />
    <ClInclude Include="Source\Systems\Asset_Management\resource_manager.h" />
    <ClInclude Include="Source\Systems\Asset_Management\scene_manager.h" />
    <ClInclude Include="Source\Systems\Asset_Management\shader_manager.h" />
    <ClInclude Include="Source\Systems\Asset_Management\texture_manager.h" />
    <ClInclude Include="Source\Systems\error_logging.h" />
    <ClInclude Include="Source\Systems\graphics.h" />
    <ClInclude Include="Source\Systems\system.h" />
    <ClInclude Include="Source\template.h" />
    <ClInclude Include="Source\Components\Physics\rigid_body.h" />
    <ClInclude Include="Source\General\multithread_handler.h" />
  </ItemGroup>
</Project>