<?xml version="1.0" encoding="utf-8"?>
<Project ToolsVersion="4.0" xmlns="http://schemas.microsoft.com/developer/msbuild/2003">
  <ItemGroup>
    <Filter Include="Base Architecture">
      <UniqueIdentifier>{66a9e4e4-68d2-4f9d-b113-495589a80159}</UniqueIdentifier>
    </Filter>
    <Filter Include="Base Architecture\Graphics">
      <UniqueIdentifier>{50fd6959-ee49-4ed5-860b-ca7576b3edd0}</UniqueIdentifier>
    </Filter>
    <Filter Include="Base Architecture\Input">
      <UniqueIdentifier>{09f5201a-375e-478a-b031-93171c692b98}</UniqueIdentifier>
    </Filter>
    <Filter Include="Base Architecture\General">
      <UniqueIdentifier>{86439464-b0c3-44fc-af27-4802cdd613b6}</UniqueIdentifier>
    </Filter>
    <Filter Include="Base Architecture\Resource_Managment">
      <UniqueIdentifier>{4074384f-9a4b-4a1f-a005-5b56428c7036}</UniqueIdentifier>
    </Filter>
    <Filter Include="Base Architecture\Systems">
      <UniqueIdentifier>{ed5bd222-c917-4a9c-8e8f-87058f1c3245}</UniqueIdentifier>
    </Filter>
    <Filter Include="Base Architecture\Components">
      <UniqueIdentifier>{fc0aeb8d-6b9b-4e20-9e46-ad180e594fc9}</UniqueIdentifier>
    </Filter>
    <Filter Include="Game">
      <UniqueIdentifier>{32d29806-7a8b-4949-a906-d3485b5c2133}</UniqueIdentifier>
    </Filter>
  </ItemGroup>
  <ItemGroup>
    <ClInclude Include="Source\transform.h">
      <Filter>Base Architecture\Components</Filter>
    </ClInclude>
    <ClInclude Include="Source\sprite_renderer.h">
      <Filter>Base Architecture\Components</Filter>
    </ClInclude>
    <ClInclude Include="Source\input_controller.h">
      <Filter>Base Architecture\Components</Filter>
    </ClInclude>
    <ClInclude Include="Source\texture.h">
      <Filter>Base Architecture\Graphics</Filter>
    </ClInclude>
    <ClInclude Include="Source\shader.h">
      <Filter>Base Architecture\Graphics</Filter>
    </ClInclude>
    <ClInclude Include="Source\entity_manager.h">
      <Filter>Base Architecture\Resource_Managment</Filter>
    </ClInclude>
    <ClInclude Include="Source\texture_manager.h">
      <Filter>Base Architecture\Resource_Managment</Filter>
    </ClInclude>
    <ClInclude Include="Source\shader_manager.h">
      <Filter>Base Architecture\Resource_Managment</Filter>
    </ClInclude>
    <ClInclude Include="Source\scene_manager.h">
      <Filter>Base Architecture\Resource_Managment</Filter>
    </ClInclude>
    <ClInclude Include="Source\prefab_manager.h">
      <Filter>Base Architecture\Resource_Managment</Filter>
    </ClInclude>
    <ClInclude Include="Source\resource_manager.h">
      <Filter>Base Architecture\Resource_Managment</Filter>
    </ClInclude>
    <ClInclude Include="Source\graphics.h">
      <Filter>Base Architecture\Systems</Filter>
    </ClInclude>
    <ClInclude Include="Source\error_logging.h">
      <Filter>Base Architecture\Systems</Filter>
    </ClInclude>
    <ClInclude Include="Source\system.h">
      <Filter>Base Architecture\Systems</Filter>
    </ClInclude>
    <ClInclude Include="Source\input.h">
      <Filter>Base Architecture\Input</Filter>
    </ClInclude>
    <ClInclude Include="Source\stb_image.h">
      <Filter>Base Architecture\Graphics</Filter>
    </ClInclude>
    <ClInclude Include="Source\scene.h">
      <Filter>Base Architecture\General</Filter>
    </ClInclude>
    <ClInclude Include="Source\entity.h">
      <Filter>Base Architecture\Resource_Managment</Filter>
    </ClInclude>
    <ClInclude Include="Source\components.h">
      <Filter>Base Architecture\Components</Filter>
    </ClInclude>
    <ClInclude Include="Source\engine.h">
      <Filter>Base Architecture\General</Filter>
    </ClInclude>
    <ClInclude Include="Source\serialize.h">
      <Filter>Base Architecture\General</Filter>
    </ClInclude>
    <ClInclude Include="Source\camera.h">
      <Filter>Base Architecture\Components</Filter>
    </ClInclude>
    <ClInclude Include="Source\collider.h">
      <Filter>Base Architecture\Components</Filter>
    </ClInclude>
  </ItemGroup>
  <ItemGroup>
    <ClCompile Include="Source\transform.cpp">
      <Filter>Base Architecture\Components</Filter>
    </ClCompile>
    <ClCompile Include="Source\sprite_renderer.cpp">
      <Filter>Base Architecture\Components</Filter>
    </ClCompile>
    <ClCompile Include="Source\input_controller.cpp">
      <Filter>Base Architecture\Components</Filter>
    </ClCompile>
    <ClCompile Include="Source\texture.cpp">
      <Filter>Base Architecture\Graphics</Filter>
    </ClCompile>
    <ClCompile Include="Source\shader.cpp">
      <Filter>Base Architecture\Graphics</Filter>
    </ClCompile>
    <ClCompile Include="Source\glad.c">
      <Filter>Base Architecture\Graphics</Filter>
    </ClCompile>
    <ClCompile Include="Source\entity_manager.cpp">
      <Filter>Base Architecture\Resource_Managment</Filter>
    </ClCompile>
    <ClCompile Include="Source\texture_manager.cpp">
      <Filter>Base Architecture\Resource_Managment</Filter>
    </ClCompile>
    <ClCompile Include="Source\shader_manager.cpp">
      <Filter>Base Architecture\Resource_Managment</Filter>
    </ClCompile>
    <ClCompile Include="Source\scene_manager.cpp">
      <Filter>Base Architecture\Resource_Managment</Filter>
    </ClCompile>
    <ClCompile Include="Source\prefab_manager.cpp">
      <Filter>Base Architecture\Resource_Managment</Filter>
    </ClCompile>
    <ClCompile Include="Source\graphics.cpp">
      <Filter>Base Architecture\Systems</Filter>
    </ClCompile>
    <ClCompile Include="Source\error_logging.cpp">
      <Filter>Base Architecture\Systems</Filter>
    </ClCompile>
    <ClCompile Include="Source\input.cpp">
      <Filter>Base Architecture\Input</Filter>
    </ClCompile>
    <ClCompile Include="Source\scene.cpp">
      <Filter>Base Architecture\General</Filter>
    </ClCompile>
    <ClCompile Include="Source\entity.cpp">
      <Filter>Base Architecture\Resource_Managment</Filter>
    </ClCompile>
    <ClCompile Include="Source\main.cpp">
      <Filter>Base Architecture\General</Filter>
    </ClCompile>
    <ClCompile Include="Source\engine.cpp">
      <Filter>Base Architecture\General</Filter>
    </ClCompile>
    <ClCompile Include="Source\serialize.cpp">
      <Filter>Base Architecture\General</Filter>
    </ClCompile>
    <ClCompile Include="Source\camera.cpp">
      <Filter>Base Architecture\Components</Filter>
    </ClCompile>
    <ClCompile Include="Source\collider.cpp">
      <Filter>Base Architecture\Components</Filter>
    </ClCompile>
  </ItemGroup>
</Project>